
Microsoft Visual Studio Solution File, Format Version 12.00
# Visual Studio 14
VisualStudioVersion = 14.0.25123.0
MinimumVisualStudioVersion = 10.0.40219.1
Project("{FAE04EC0-301F-11D3-BF4B-00C04F79EFBC}") = "Sort.Quick", "..\Sort.Quick\Sort.Quick.csproj", "{417E0A74-BE26-48D4-9C0A-66383D61CB56}"
EndProject
Project("{FAE04EC0-301F-11D3-BF4B-00C04F79EFBC}") = "Sort.Selection", "..\Sort.Selection\Sort.Selection.csproj", "{291B6ACB-EA2B-46BF-A6D5-498F0F677DF2}"
EndProject
Project("{FAE04EC0-301F-11D3-BF4B-00C04F79EFBC}") = "Sort.Insertion", "Sort.Insertion\Sort.Insertion.csproj", "{C138B142-E7F2-40AD-A979-2DF61778B56A}"
EndProject
Project("{FAE04EC0-301F-11D3-BF4B-00C04F79EFBC}") = "Sort.Heap", "Sort.Heap\Sort.Heap.csproj", "{4751D009-28AD-4057-8801-F27D17FF2B9F}"
EndProject
Project("{FAE04EC0-301F-11D3-BF4B-00C04F79EFBC}") = "Search.Sequential", "Search.Sequential\Search.Sequential.csproj", "{D8714CA7-1758-44F2-B0AA-F9E7B0863D6E}"
EndProject
Global
	GlobalSection(SolutionConfigurationPlatforms) = preSolution
		Debug|Any CPU = Debug|Any CPU
		Release|Any CPU = Release|Any CPU
	EndGlobalSection
	GlobalSection(ProjectConfigurationPlatforms) = postSolution
		{417E0A74-BE26-48D4-9C0A-66383D61CB56}.Debug|Any CPU.ActiveCfg = Debug|Any CPU
		{417E0A74-BE26-48D4-9C0A-66383D61CB56}.Debug|Any CPU.Build.0 = Debug|Any CPU
		{417E0A74-BE26-48D4-9C0A-66383D61CB56}.Release|Any CPU.ActiveCfg = Release|Any CPU
		{417E0A74-BE26-48D4-9C0A-66383D61CB56}.Release|Any CPU.Build.0 = Release|Any CPU
		{291B6ACB-EA2B-46BF-A6D5-498F0F677DF2}.Debug|Any CPU.ActiveCfg = Debug|Any CPU
		{291B6ACB-EA2B-46BF-A6D5-498F0F677DF2}.Debug|Any CPU.Build.0 = Debug|Any CPU
		{291B6ACB-EA2B-46BF-A6D5-498F0F677DF2}.Release|Any CPU.ActiveCfg = Release|Any CPU
		{291B6ACB-EA2B-46BF-A6D5-498F0F677DF2}.Release|Any CPU.Build.0 = Release|Any CPU
		{C138B142-E7F2-40AD-A979-2DF61778B56A}.Debug|Any CPU.ActiveCfg = Debug|Any CPU
		{C138B142-E7F2-40AD-A979-2DF61778B56A}.Debug|Any CPU.Build.0 = Debug|Any CPU
		{C138B142-E7F2-40AD-A979-2DF61778B56A}.Release|Any CPU.ActiveCfg = Release|Any CPU
		{C138B142-E7F2-40AD-A979-2DF61778B56A}.Release|Any CPU.Build.0 = Release|Any CPU
		{4751D009-28AD-4057-8801-F27D17FF2B9F}.Debug|Any CPU.ActiveCfg = Debug|Any CPU
		{4751D009-28AD-4057-8801-F27D17FF2B9F}.Debug|Any CPU.Build.0 = Debug|Any CPU
		{4751D009-28AD-4057-8801-F27D17FF2B9F}.Release|Any CPU.ActiveCfg = Release|Any CPU
		{4751D009-28AD-4057-8801-F27D17FF2B9F}.Release|Any CPU.Build.0 = Release|Any CPU
		{D8714CA7-1758-44F2-B0AA-F9E7B0863D6E}.Debug|Any CPU.ActiveCfg = Debug|Any CPU
		{D8714CA7-1758-44F2-B0AA-F9E7B0863D6E}.Debug|Any CPU.Build.0 = Debug|Any CPU
		{D8714CA7-1758-44F2-B0AA-F9E7B0863D6E}.Release|Any CPU.ActiveCfg = Release|Any CPU
		{D8714CA7-1758-44F2-B0AA-F9E7B0863D6E}.Release|Any CPU.Build.0 = Release|Any CPU
	EndGlobalSection
	GlobalSection(SolutionProperties) = preSolution
		HideSolutionNode = FALSE
	EndGlobalSection
EndGlobal
